
Microsoft Visual Studio Solution File, Format Version 12.00
# Visual Studio 15
VisualStudioVersion = 15.0.26124.0
MinimumVisualStudioVersion = 15.0.26124.0
Project("{2150E333-8FDC-42A3-9474-1A3956D46DE8}") = "src", "src", "{77CD893E-983D-4A0A-9098-BD3A4241B1CA}"
EndProject
Project("{FAE04EC0-301F-11D3-BF4B-00C04F79EFBC}") = "CommandAPI", "src\CommandAPI\CommandAPI.csproj", "{3C2055B8-FCD8-4B2D-BADE-763DEB4647E3}"
EndProject
Project("{2150E333-8FDC-42A3-9474-1A3956D46DE8}") = "test", "test", "{DDB5EF24-D5D0-4484-95CB-D047DF477BD3}"
EndProject
Project("{FAE04EC0-301F-11D3-BF4B-00C04F79EFBC}") = "CommandAPI.Tests", "test\CommandAPI.Tests\CommandAPI.Tests.csproj", "{41B09100-672C-4B0B-BA5B-39A5237C0B08}"
EndProject
Global
	GlobalSection(SolutionConfigurationPlatforms) = preSolution
		Debug|Any CPU = Debug|Any CPU
		Debug|x64 = Debug|x64
		Debug|x86 = Debug|x86
		Release|Any CPU = Release|Any CPU
		Release|x64 = Release|x64
		Release|x86 = Release|x86
	EndGlobalSection
	GlobalSection(SolutionProperties) = preSolution
		HideSolutionNode = FALSE
	EndGlobalSection
	GlobalSection(ProjectConfigurationPlatforms) = postSolution
		{3C2055B8-FCD8-4B2D-BADE-763DEB4647E3}.Debug|Any CPU.ActiveCfg = Debug|Any CPU
		{3C2055B8-FCD8-4B2D-BADE-763DEB4647E3}.Debug|Any CPU.Build.0 = Debug|Any CPU
		{3C2055B8-FCD8-4B2D-BADE-763DEB4647E3}.Debug|x64.ActiveCfg = Debug|Any CPU
		{3C2055B8-FCD8-4B2D-BADE-763DEB4647E3}.Debug|x64.Build.0 = Debug|Any CPU
		{3C2055B8-FCD8-4B2D-BADE-763DEB4647E3}.Debug|x86.ActiveCfg = Debug|Any CPU
		{3C2055B8-FCD8-4B2D-BADE-763DEB4647E3}.Debug|x86.Build.0 = Debug|Any CPU
		{3C2055B8-FCD8-4B2D-BADE-763DEB4647E3}.Release|Any CPU.ActiveCfg = Release|Any CPU
		{3C2055B8-FCD8-4B2D-BADE-763DEB4647E3}.Release|Any CPU.Build.0 = Release|Any CPU
		{3C2055B8-FCD8-4B2D-BADE-763DEB4647E3}.Release|x64.ActiveCfg = Release|Any CPU
		{3C2055B8-FCD8-4B2D-BADE-763DEB4647E3}.Release|x64.Build.0 = Release|Any CPU
		{3C2055B8-FCD8-4B2D-BADE-763DEB4647E3}.Release|x86.ActiveCfg = Release|Any CPU
		{3C2055B8-FCD8-4B2D-BADE-763DEB4647E3}.Release|x86.Build.0 = Release|Any CPU
		{41B09100-672C-4B0B-BA5B-39A5237C0B08}.Debug|Any CPU.ActiveCfg = Debug|Any CPU
		{41B09100-672C-4B0B-BA5B-39A5237C0B08}.Debug|Any CPU.Build.0 = Debug|Any CPU
		{41B09100-672C-4B0B-BA5B-39A5237C0B08}.Debug|x64.ActiveCfg = Debug|Any CPU
		{41B09100-672C-4B0B-BA5B-39A5237C0B08}.Debug|x64.Build.0 = Debug|Any CPU
		{41B09100-672C-4B0B-BA5B-39A5237C0B08}.Debug|x86.ActiveCfg = Debug|Any CPU
		{41B09100-672C-4B0B-BA5B-39A5237C0B08}.Debug|x86.Build.0 = Debug|Any CPU
		{41B09100-672C-4B0B-BA5B-39A5237C0B08}.Release|Any CPU.ActiveCfg = Release|Any CPU
		{41B09100-672C-4B0B-BA5B-39A5237C0B08}.Release|Any CPU.Build.0 = Release|Any CPU
		{41B09100-672C-4B0B-BA5B-39A5237C0B08}.Release|x64.ActiveCfg = Release|Any CPU
		{41B09100-672C-4B0B-BA5B-39A5237C0B08}.Release|x64.Build.0 = Release|Any CPU
		{41B09100-672C-4B0B-BA5B-39A5237C0B08}.Release|x86.ActiveCfg = Release|Any CPU
		{41B09100-672C-4B0B-BA5B-39A5237C0B08}.Release|x86.Build.0 = Release|Any CPU
	EndGlobalSection
	GlobalSection(NestedProjects) = preSolution
		{3C2055B8-FCD8-4B2D-BADE-763DEB4647E3} = {77CD893E-983D-4A0A-9098-BD3A4241B1CA}
		{41B09100-672C-4B0B-BA5B-39A5237C0B08} = {DDB5EF24-D5D0-4484-95CB-D047DF477BD3}
	EndGlobalSection
EndGlobal
